{
  "name": "tanstack_start_ts",
  "lockfileVersion": 3,
  "requires": true,
  "packages": {
    "": {
      "name": "tanstack_start_ts",
      "dependencies": {
        "@ai-sdk/google-vertex": "^5.0.14",
        "@ai-sdk/openai-compatible": "^3.0.5",
        "@astryxdesign/cli": "^0.1.3",
        "@astryxdesign/core": "^0.1.3",
        "@astryxdesign/theme-neutral": "^0.1.3",
        "@fontsource/tajawal": "^5.2.7",
        "@hookform/resolvers": "^5.2.2",
        "@lovable.dev/cloud-auth-js": "^1.1.2",
        "@monaco-editor/react": "^4.7.0",
        "@mux/mux-player-react": "^3.13.0",
        "@radix-ui/react-accordion": "^1.2.12",
        "@radix-ui/react-alert-dialog": "^1.1.15",
        "@radix-ui/react-aspect-ratio": "^1.1.8",
        "@radix-ui/react-avatar": "^1.1.11",
        "@radix-ui/react-checkbox": "^1.3.3",
        "@radix-ui/react-collapsible": "^1.1.12",
        "@radix-ui/react-context-menu": "^2.2.16",
        "@radix-ui/react-dialog": "^1.1.15",
        "@radix-ui/react-dropdown-menu": "^2.1.16",
        "@radix-ui/react-hover-card": "^1.1.15",
        "@radix-ui/react-label": "^2.1.8",
        "@radix-ui/react-menubar": "^1.1.16",
        "@radix-ui/react-navigation-menu": "^1.2.14",
        "@radix-ui/react-popover": "^1.1.15",
        "@radix-ui/react-progress": "^1.1.8",
        "@radix-ui/react-radio-group": "^1.3.8",
        "@radix-ui/react-scroll-area": "^1.2.10",
        "@radix-ui/react-select": "^2.2.6",
        "@radix-ui/react-separator": "^1.1.8",
        "@radix-ui/react-slider": "^1.3.6",
        "@radix-ui/react-slot": "^1.2.4",
        "@radix-ui/react-switch": "^1.2.6",
        "@radix-ui/react-tabs": "^1.1.13",
        "@radix-ui/react-toggle": "^1.1.10",
        "@radix-ui/react-toggle-group": "^1.1.11",
        "@radix-ui/react-tooltip": "^1.2.8",
        "@react-three/drei": "^10.7.7",
        "@react-three/fiber": "^9.6.1",
        "@supabase/supabase-js": "^2.110.0",
        "@tailwindcss/vite": "^4.2.1",
        "@tanstack/react-query": "^5.101.1",
        "@tanstack/react-query-persist-client": "^5.101.4",
        "@tanstack/react-router": "^1.170.16",
        "@tanstack/react-router-ssr-query": "^1.167.1",
        "@tanstack/react-start": "^1.168.26",
        "@tanstack/router-plugin": "^1.168.18",
        "ai": "^7.0.14",
        "class-variance-authority": "^0.7.1",
        "clsx": "^2.1.1",
        "cmdk": "^1.1.1",
        "date-fns": "^4.1.0",
        "embla-carousel-react": "^8.6.0",
        "framer-motion": "^12.42.2",
        "idb-keyval": "^6.3.0",
        "input-otp": "^1.4.2",
        "lucide-react": "^0.575.0",
        "react": "^19.2.0",
        "react-day-picker": "^9.14.0",
        "react-dom": "^19.2.0",
        "react-hook-form": "^7.71.2",
        "react-resizable-panels": "^4.6.5",
        "recharts": "^2.15.4",
        "sharp": "^0.35.3",
        "sonner": "^2.0.7",
        "tailwind-merge": "^3.5.0",
        "tailwindcss": "^4.2.1",
        "three": "^0.185.1",
        "tw-animate-css": "^1.3.4",
        "vaul": "^1.1.2",
        "vite-plugin-pwa": "^1.3.0",
        "vite-tsconfig-paths": "^6.0.2",
        "zod": "^3.24.2",
        "zustand": "^5.0.14"
      },
      "devDependencies": {
        "@axe-core/playwright": "^4.12.1",
        "@eslint/js": "^9.32.0",
        "@lovable.dev/vite-tanstack-config": "2.7.1",
        "@playwright/test": "^1.62.0",
        "@testing-library/react": "^16.3.2",
        "@types/node": "^22.16.5",
        "@types/react": "^19.2.0",
        "@types/react-dom": "^19.2.0",
        "@types/three": "^0.185.1",
        "@vitejs/plugin-react": "^5.2.0",
        "@vitest/coverage-v8": "^4.1.10",
        "eslint": "^9.32.0",
        "eslint-config-prettier": "^10.1.1",
        "eslint-plugin-prettier": "^5.2.6",
        "eslint-plugin-react-hooks": "^5.2.0",
        "eslint-plugin-react-refresh": "^0.4.20",
        "globals": "^15.15.0",
        "jsdom": "^29.1.1",
        "nitro": "3.0.260603-beta",
        "prettier": "^3.7.3",
        "typescript": "^5.8.3",
        "typescript-eslint": "^8.56.1",
        "vite": "^8.0.16",
        "vitest": "^4.1.10"
      }
    },
    "node_modules/@ai-sdk/anthropic": {
      "version": "4.0.11",
      "resolved": "https://registry.npmjs.org/@ai-sdk/anthropic/-/anthropic-4.0.11.tgz",
      "integrity": "sha512-Xe9anDf2f1/kfror2VuWPdHZ4MJgzI2+ctTGYofjiGUjiVkjtBvVBdYtPhfFFGaY9zpbDeDTA+huqfvf51BGuw==",
      "license": "Apache-2.0",
      "dependencies": {
        "@ai-sdk/provider": "4.0.3",
        "@ai-sdk/provider-utils": "5.0.7"
      },
      "engines": {
        "node": ">=22"
      },
      "peerDependencies": {
        "zod": "^3.25.76 || ^4.1.8"
      }
    },
    "node_modules/@ai-sdk/anthropic/node_modules/@ai-sdk/provider": {
      "version": "4.0.3",
      "resolved": "https://registry.npmjs.org/@ai-sdk/provider/-/provider-4.0.3.tgz",
      "integrity": "sha512-e0CpNWJUY7OxAFAnCZkw+ri9QOHWwTs1tXP42782KFGCU07qt8NiXCrCVowyCB5dP2r5/Uls+g2oPd8kOJn9dw==",
      "license": "Apache-2.0",
      "dependencies": {
        "json-schema": "^0.4.0"
      },
      "engines": {
        "node": ">=22"
      }
    },
    "node_modules/@ai-sdk/anthropic/node_modules/@ai-sdk/provider-utils": {
      "version": "5.0.7",
      "resolved": "https://registry.npmjs.org/@ai-sdk/provider-utils/-/provider-utils-5.0.7.tgz",
      "integrity": "sha512-OSm5/5kdrHa11WIOo5LYgDKnxYWp5aB/wx5EXRHi0jpUGduMDeB6oht9U6p+UNNWIP3F/EqPpV8d7vdP/iRnqg==",
      "license": "Apache-2.0",
      "dependencies": {
        "@ai-sdk/provider": "4.0.3",
        "@standard-schema/spec": "^1.1.0",
        "@workflow/serde": "4.1.0",
        "eventsource-parser": "^3.0.8"
      },
      "engines": {
        "node": ">=22"
      },
      "peerDependencies": {
        "zod": "^3.25.76 || ^4.1.8"
      }
    },
    "node_modules/@ai-sdk/gateway": {
      "version": "4.0.12",
      "resolved": "https://registry.npmjs.org/@ai-sdk/gateway/-/gateway-4.0.12.tgz",
      "integrity": "sha512-Y7Fy8xJwPz7ZC0DhSQG3HIVk+drup42hrIj6yqKlib3CxwiR0F7nYyUI8+kPrEtbZEoyKoRstvT4/o0HEyFBHA==",
      "license": "Apache-2.0",
      "dependencies": {
        "@ai-sdk/provider": "4.0.2",
        "@ai-sdk/provider-utils": "5.0.5",
        "@vercel/oidc": "3.2.0"
      },
      "engines": {
        "node": ">=22"
      },
      "peerDependencies": {
        "zod": "^3.25.76 || ^4.1.8"
      }
    },
    "node_modules/@ai-sdk/google": {
      "version": "4.0.11",
      "resolved": "https://registry.npmjs.org/@ai-sdk/google/-/google-4.0.11.tgz",
      "integrity": "sha512-1PvB3JC1D9eA43NCyHYhlz07YNfnAt9/8pvr8R7eaHp6J7LABM3lTHMvDMk1nRNGfBlV8H7U1jtgNEgB4u7MMw==",
      "license": "Apache-2.0",
      "dependencies": {
        "@ai-sdk/provider": "4.0.3",
        "@ai-sdk/provider-utils": "5.0.7"
      },
      "engines": {
        "node": ">=22"
      },
      "peerDependencies": {
        "zod": "^3.25.76 || ^4.1.8"
      }
    },
    "node_modules/@ai-sdk/google-vertex": {
      "version": "5.0.14",
      "resolved": "https://registry.npmjs.org/@ai-sdk/google-vertex/-/google-vertex-5.0.14.tgz",
      "integrity": "sha512-gkX2Eh0MEknzPFn6A1z3P0vEwvx7sdf9uNwQ3E8Rtxiif2GwhGzvKLORmihd2FuVIoBJhJYpaj5beKrVDJKM/w==",
      "license": "Apache-2.0",
      "dependencies": {
        "@ai-sdk/anthropic": "4.0.11",
        "@ai-sdk/google": "4.0.11",
        "@ai-sdk/openai-compatible": "3.0.7",
        "@ai-sdk/provider": "4.0.3",
        "@ai-sdk/provider-utils": "5.0.7",
        "google-auth-library": "^10.6.2"
      },
      "engines": {
        "node": ">=22"
      },
      "peerDependencies": {
        "zod": "^3.25.76 || ^4.1.8"
      }
    },
    "node_modules/@ai-sdk/google-vertex/node_modules/@ai-sdk/provider": {
      "version": "4.0.3",
      "resolved": "https://registry.npmjs.org/@ai-sdk/provider/-/provider-4.0.3.tgz",
      "integrity": "sha512-e0CpNWJUY7OxAFAnCZkw+ri9QOHWwTs1tXP42782KFGCU07qt8NiXCrCVowyCB5dP2r5/Uls+g2oPd8kOJn9dw==",
      "license": "Apache-2.0",
      "dependencies": {
        "json-schema": "^0.4.0"
      },
      "engines": {
        "node": ">=22"
      }
    },
    "node_modules/@ai-sdk/google-vertex/node_modules/@ai-sdk/provider-utils": {
      "version": "5.0.7",
      "resolved": "https://registry.npmjs.org/@ai-sdk/provider-utils/-/provider-utils-5.0.7.tgz",
      "integrity": "sha512-OSm5/5kdrHa11WIOo5LYgDKnxYWp5aB/wx5EXRHi0jpUGduMDeB6oht9U6p+UNNWIP3F/EqPpV8d7vdP/iRnqg==",
      "license": "Apache-2.0",
      "dependencies": {
        "@ai-sdk/provider": "4.0.3",
        "@standard-schema/spec": "^1.1.0",
        "@workflow/serde": "4.1.0",
        "eventsource-parser": "^3.0.8"
      },
      "engines": {
        "node": ">=22"
      },
      "peerDependencies": {
        "zod": "^3.25.76 || ^4.1.8"
      }
    },
    "node_modules/@ai-sdk/google/node_modules/@ai-sdk/provider": {
      "version": "4.0.3",
      "resolved": "https://registry.npmjs.org/@ai-sdk/provider/-/provider-4.0.3.tgz",
      "integrity": "sha512-e0CpNWJUY7OxAFAnCZkw+ri9QOHWwTs1tXP42782KFGCU07qt8NiXCrCVowyCB5dP2r5/Uls+g2oPd8kOJn9dw==",
      "license": "Apache-2.0",
      "dependencies": {
        "json-schema": "^0.4.0"
      },
      "engines": {
        "node": ">=22"
      }
    },
    "node_modules/@ai-sdk/google/node_modules/@ai-sdk/provider-utils": {
      "version": "5.0.7",
      "resolved": "https://registry.npmjs.org/@ai-sdk/provider-utils/-/provider-utils-5.0.7.tgz",
      "integrity": "sha512-OSm5/5kdrHa11WIOo5LYgDKnxYWp5aB/wx5EXRHi0jpUGduMDeB6oht9U6p+UNNWIP3F/EqPpV8d7vdP/iRnqg==",
      "license": "Apache-2.0",
      "dependencies": {
        "@ai-sdk/provider": "4.0.3",
        "@standard-schema/spec": "^1.1.0",
        "@workflow/serde": "4.1.0",
        "eventsource-parser": "^3.0.8"
      },
      "engines": {
        "node": ">=22"
      },
      "peerDependencies": {
        "zod": "^3.25.76 || ^4.1.8"
      }
    },
    "node_modules/@ai-sdk/openai-compatible": {
      "version": "3.0.7",
      "resolved": "https://registry.npmjs.org/@ai-sdk/openai-compatible/-/openai-compatible-3.0.7.tgz",
      "integrity": "sha512-y8RVpm8BZKNHDxlbNVt/GYmoBBqLx10m4d7bOzOnRD8V2aP3Cr6/g/bfubR4EkbW1ySrnPr62svZIeND2fdp3Q==",
      "license": "Apache-2.0",
      "dependencies": {
        "@ai-sdk/provider": "4.0.3",
        "@ai-sdk/provider-utils": "5.0.7"
      },
      "engines": {
        "node": ">=22"
      },
      "peerDependencies": {
        "zod": "^3.25.76 || ^4.1.8"
      }
    },
    "node_modules/@ai-sdk/openai-compatible/node_modules/@ai-sdk/provider": {
      "version": "4.0.3",
      "resolved": "https://registry.npmjs.org/@ai-sdk/provider/-/provider-4.0.3.tgz",
      "integrity": "sha512-e0CpNWJUY7OxAFAnCZkw+ri9QOHWwTs1tXP42782KFGCU07qt8NiXCrCVowyCB5dP2r5/Uls+g2oPd8kOJn9dw==",
      "license": "Apache-2.0",
      "dependencies": {
        "json-schema": "^0.4.0"
      },
      "engines": {
        "node": ">=22"
      }
    },
    "node_modules/@ai-sdk/openai-compatible/node_modules/@ai-sdk/provider-utils": {
      "version": "5.0.7",
      "resolved": "https://registry.npmjs.org/@ai-sdk/provider-utils/-/provider-utils-5.0.7.tgz",
      "integrity": "sha512-OSm5/5kdrHa11WIOo5LYgDKnxYWp5aB/wx5EXRHi0jpUGduMDeB6oht9U6p+UNNWIP3F/EqPpV8d7vdP/iRnqg==",
      "license": "Apache-2.0",
      "dependencies": {
        "@ai-sdk/provider": "4.0.3",
        "@standard-schema/spec": "^1.1.0",
        "@workflow/serde": "4.1.0",
        "eventsource-parser": "^3.0.8"
      },
      "engines": {
        "node": ">=22"
      },
      "peerDependencies": {
        "zod": "^3.25.76 || ^4.1.8"
      }
    },
    "node_modules/@ai-sdk/provider": {
      "version": "4.0.2",
      "resolved": "https://registry.npmjs.org/@ai-sdk/provider/-/provider-4.0.2.tgz",
      "integrity": "sha512-pfPoy9J1B1xV7cqJ8MYHOsDYrMv5tR3+EMNfI249OhkD2uRakvav3Fo7XpD2luuN/YNCBY7KfEQc7vEV7KEtyw==",
      "license": "Apache-2.0",
      "dependencies": {
        "json-schema": "^0.4.0"
      },
      "engines": {
        "node": ">=22"
      }
    },
    "node_modules/@ai-sdk/provider-utils": {
      "version": "5.0.5",
      "resolved": "https://registry.npmjs.org/@ai-sdk/provider-utils/-/provider-utils-5.0.5.tgz",
      "integrity": "sha512-oI0t3dvCoqWNV1I8o1Rybi2DXDvHES5r/TrwtJW90tuFLVepgJlftPxrcjh8vaSvjqC2diTuA2vXyjKAyHJm4A==",
      "license": "Apache-2.0",
      "dependencies": {
        "@ai-sdk/provider": "4.0.2",
        "@standard-schema/spec": "^1.1.0",
        "@workflow/serde": "4.1.0",
        "eventsource-parser": "^3.0.8"
      },
      "engines": {
        "node": ">=22"
      },
      "peerDependencies": {
        "zod": "^3.25.76 || ^4.1.8"
      }
    },
    "node_modules/@alloc/quick-lru": {
      "version": "5.2.0",
      "resolved": "https://registry.npmjs.org/@alloc/quick-lru/-/quick-lru-5.2.0.tgz",
      "integrity": "sha512-UrcABB+4bUrFABwbluTIBErXwvbsU/V7TZWfmbgJfbkwiBuziS9gxdODUyuiecfdGQ85jglMW6juS3+z5TsKLw==",
      "dev": true,
      "license": "MIT",
      "engines": {
        "node": ">=10"
      },
      "funding": {
        "url": "https://github.com/sponsors/sindresorhus"
      }
    },
    "node_modules/@asamuzakjp/css-color": {
      "version": "5.1.11",
      "resolved": "https://registry.npmjs.org/@asamuzakjp/css-color/-/css-color-5.1.11.tgz",
      "integrity": "sha512-KVw6qIiCTUQhByfTd78h2yD1/00waTmm9uy/R7Ck/ctUyAPj+AEDLkQIdJW0T8+qGgj3j5bpNKK7Q3G+LedJWg==",
      "dev": true,
      "license": "MIT",
      "dependencies": {
        "@asamuzakjp/generational-cache": "^1.0.1",
        "@csstools/css-calc": "^3.2.0",
        "@csstools/css-color-parser": "^4.1.0",
        "@csstools/css-parser-algorithms": "^4.0.0",
        "@csstools/css-tokenizer": "^4.0.0"
      },
      "engines": {
        "node": "^20.19.0 || ^22.12.0 || >=24.0.0"
      }
    },
    "node_modules/@asamuzakjp/dom-selector": {
      "version": "7.1.1",
      "resolved": "https://registry.npmjs.org/@asamuzakjp/dom-selector/-/dom-selector-7.1.1.tgz",
      "integrity": "sha512-67RZDnYRc8H/8MLDgQCDE//zoqVFwajkepHZgmXrbwybzXOEwOWGPYGmALYl9J2DOLfFPPs6kKCqmbzV895hTQ==",
      "dev": true,
      "license": "MIT",
      "dependencies": {
        "@asamuzakjp/generational-cache": "^1.0.1",
        "@asamuzakjp/nwsapi": "^2.3.9",
        "bidi-js": "^1.0.3",
        "css-tree": "^3.2.1",
        "is-potential-custom-element-name": "^1.0.1"
      },
      "engines": {
        "node": "^20.19.0 || ^22.12.0 || >=24.0.0"
      }
    },
    "node_modules/@asamuzakjp/generational-cache": {
      "version": "1.0.1",
      "resolved": "https://registry.npmjs.org/@asamuzakjp/generational-cache/-/generational-cache-1.0.1.tgz",
      "integrity": "sha512-wajfB8KqzMCN2KGNFdLkReeHncd0AslUSrvHVvvYWuU8ghncRJoA50kT3zP9MVL0+9g4/67H+cdvBskj9THPzg==",
      "dev": true,
      "license": "MIT",
      "engines": {
        "node": "^20.19.0 || ^22.12.0 || >=24.0.0"
      }
    },
    "node_modules/@asamuzakjp/nwsapi": {
      "version": "2.3.9",
      "resolved": "https://registry.npmjs.org/@asamuzakjp/nwsapi/-/nwsapi-2.3.9.tgz",
      "integrity": "sha512-n8GuYSrI9bF7FFZ/SjhwevlHc8xaVlb/7HmHelnc/PZXBD2ZR49NnN9sMMuDdEGPeeRQ5d0hqlSlEpgCX3Wl0Q==",
      "dev": true,
      "license": "MIT"
    },
    "node_modules/@astryxdesign/cli": {
      "version": "0.1.4",
      "resolved": "https://registry.npmjs.org/@astryxdesign/cli/-/cli-0.1.4.tgz",
      "integrity": "sha512-OIHQEMifssRJnrlOy+bjx22HCKf/SA5XCs6mcGxtRAJj2gjfSkHcO3ctxx7ZeLXW5idpjhYQ0gAG3lRi7Klq2g==",
      "license": "MIT",
      "dependencies": {
        "@clack/prompts": "^1.5.1",
        "commander": "^12.1.0",
        "jiti": "^2.7.0",
        "jscodeshift": "^17.3.0",
        "zod": "^4.4.3"
      },
      "bin": {
        "astryx": "bin/astryx.mjs",
        "cli": "bin/astryx.mjs"
      },
      "peerDependencies": {
        "@astryxdesign/core": "*",
        "@astryxdesign/lab": "*",
        "@astryxdesign/theme-neutral": "*",
        "gpt-tokenizer": "^2.0.0"
      },
      "peerDependenciesMeta": {
        "@astryxdesign/core": {
          "optional": true
        },
        "@astryxdesign/lab": {
          "optional": true
        },
        "@astryxdesign/theme-neutral": {
          "optional": true
        }
      }
    },
    "node_modules/@astryxdesign/cli/node_modules/commander": {
      "version": "12.1.0",
      "resolved": "https://registry.npmjs.org/commander/-/commander-12.1.0.tgz",
     